
Microsoft Visual Studio Solution File, Format Version 12.00
# Visual Studio Version 17
VisualStudioVersion = 17.8.34525.116
MinimumVisualStudioVersion = 10.0.40219.1
Project("{FAE04EC0-301F-11D3-BF4B-00C04F79EFBC}") = "Challenge", "Challenge\Challenge.csproj", "{9DE31406-86AB-4053-B6A4-63EF9403DFF5}"
EndProject
Global
	GlobalSection(SolutionConfigurationPlatforms) = preSolution
		Debug|Any CPU = Debug|Any CPU
		Release|Any CPU = Release|Any CPU
	EndGlobalSection
	GlobalSection(ProjectConfigurationPlatforms) = postSolution
		{9DE31406-86AB-4053-B6A4-63EF9403DFF5}.Debug|Any CPU.ActiveCfg = Debug|Any CPU
		{9DE31406-86AB-4053-B6A4-63EF9403DFF5}.Debug|Any CPU.Build.0 = Debug|Any CPU
		{9DE31406-86AB-4053-B6A4-63EF9403DFF5}.Release|Any CPU.ActiveCfg = Release|Any CPU
		{9DE31406-86AB-4053-B6A4-63EF9403DFF5}.Release|Any CPU.Build.0 = Release|Any CPU
	EndGlobalSection
	GlobalSection(SolutionProperties) = preSolution
		HideSolutionNode = FALSE
	EndGlobalSection
	GlobalSection(ExtensibilityGlobals) = postSolution
		SolutionGuid = {2817FC07-C87F-44E8-A724-149313059853}
	EndGlobalSection
EndGlobal
